// !$*UTF8*$!
{
	archiveVersion = 1;
	classes = {
	};
	objectVersion = 56;
	objects = {

/* Begin PBXBuildFile section */
		D7346D7F296DD75E005739DD /* AppDelegate.swift in Sources */ = {isa = PBXBuildFile; fileRef = D7346D7E296DD75E005739DD /* AppDelegate.swift */; };
		D7346D81296DD75E005739DD /* SceneDelegate.swift in Sources */ = {isa = PBXBuildFile; fileRef = D7346D80296DD75E005739DD /* SceneDelegate.swift */; };
		D7346D83296DD75E005739DD /* HomeViewController.swift in Sources */ = {isa = PBXBuildFile; fileRef = D7346D82296DD75E005739DD /* HomeViewController.swift */; };
		D7346D86296DD75E005739DD /* Main.storyboard in Resources */ = {isa = PBXBuildFile; fileRef = D7346D84296DD75E005739DD /* Main.storyboard */; };
		D7346D88296DD760005739DD /* Assets.xcassets in Resources */ = {isa = PBXBuildFile; fileRef = D7346D87296DD760005739DD /* Assets.xcassets */; };
		D7346D8B296DD760005739DD /* LaunchScreen.storyboard in Resources */ = {isa = PBXBuildFile; fileRef = D7346D89296DD760005739DD /* LaunchScreen.storyboard */; };
		D7346D96296DD760005739DD /* LittleProjectTests.swift in Sources */ = {isa = PBXBuildFile; fileRef = D7346D95296DD760005739DD /* LittleProjectTests.swift */; };
		D7346DA0296DD760005739DD /* LittleProjectUITests.swift in Sources */ = {isa = PBXBuildFile; fileRef = D7346D9F296DD760005739DD /* LittleProjectUITests.swift */; };
		D7346DA2296DD761005739DD /* LittleProjectUITestsLaunchTests.swift in Sources */ = {isa = PBXBuildFile; fileRef = D7346DA1296DD761005739DD /* LittleProjectUITestsLaunchTests.swift */; };
/* End PBXBuildFile section */

/* Begin PBXContainerItemProxy section */
		D7346D92296DD760005739DD /* PBXContainerItemProxy */ = {
			isa = PBXContainerItemProxy;
			containerPortal = D7346D73296DD75E005739DD /* Project object */;
			proxyType = 1;
			remoteGlobalIDString = D7346D7A296DD75E005739DD;
			remoteInfo = LittleProject;
		};
		D7346D9C296DD760005739DD /* PBXContainerItemProxy */ = {
			isa = PBXContainerItemProxy;
			containerPortal = D7346D73296DD75E005739DD /* Project object */;
			proxyType = 1;
			remoteGlobalIDString = D7346D7A296DD75E005739DD;
			remoteInfo = LittleProject;
		};
/* End PBXContainerItemProxy section */

/* Begin PBXFileReference section */
		D7346D7B296DD75E005739DD /* LittleProject.app */ = {isa = PBXFileReference; explicitFileType = wrapper.application; includeInIndex = 0; path = LittleProject.app; sourceTree = BUILT_PRODUCTS_DIR; };
		D7346D7E296DD75E005739DD /* AppDelegate.swift */ = {isa = PBXFileReference; lastKnownFileType = sourcecode.swift; path = AppDelegate.swift; sourceTree = "<group>"; };
		D7346D80296DD75E005739DD /* SceneDelegate.swift */ = {isa = PBXFileReference; lastKnownFileType = sourcecode.swift; path = SceneDelegate.swift; sourceTree = "<group>"; };
		D7346D82296DD75E005739DD /* HomeViewController.swift */ = {isa = PBXFileReference; lastKnownFileType = sourcecode.swift; path = HomeViewController.swift; sourceTree = "<group>"; };
		D7346D85296DD75E005739DD /* Base */ = {isa = PBXFileReference; lastKnownFileType = file.storyboard; name = Base; path = Base.lproj/Main.storyboard; sourceTree = "<group>"; };
		D7346D87296DD760005739DD /* Assets.xcassets */ = {isa = PBXFileReference; lastKnownFileType = folder.assetcatalog; path = Assets.xcassets; sourceTree = "<group>"; };
		D7346D8A296DD760005739DD /* Base */ = {isa = PBXFileReference; lastKnownFileType = file.storyboard; name = Base; path = Base.lproj/LaunchScreen.storyboard; sourceTree = "<group>"; };
		D7346D8C296DD760005739DD /* Info.plist */ = {isa = PBXFileReference; lastKnownFileType = text.plist.xml; path = Info.plist; sourceTree = "<group>"; };
		D7346D91296DD760005739DD /* LittleProjectTests.xctest */ = {isa = PBXFileReference; explicitFileType = wrapper.cfbundle; includeInIndex = 0; path = LittleProjectTests.xctest; sourceTree = BUILT_PRODUCTS_DIR; };
		D7346D95296DD760005739DD /* LittleProjectTests.swift */ = {isa = PBXFileReference; lastKnownFileType = sourcecode.swift; path = LittleProjectTests.swift; sourceTree = "<group>"; };
		D7346D9B296DD760005739DD /* LittleProjectUITests.xctest */ = {isa = PBXFileReference; explicitFileType = wrapper.cfbundle; includeInIndex = 0; path = LittleProjectUITests.xctest; sourceTree = BUILT_PRODUCTS_DIR; };
		D7346D9F296DD760005739DD /* LittleProjectUITests.swift */ = {isa = PBXFileReference; lastKnownFileType = sourcecode.swift; path = LittleProjectUITests.swift; sourceTree = "<group>"; };
		D7346DA1296DD761005739DD /* LittleProjectUITestsLaunchTests.swift */ = {isa = PBXFileReference; lastKnownFileType = sourcecode.swift; path = LittleProjectUITestsLaunchTests.swift; sourceTree = "<group>"; };
		D7346DAE296DD7A1005739DD /* pt-BR */ = {isa = PBXFileReference; lastKnownFileType = text.plist.strings; name = "pt-BR"; path = "pt-BR.lproj/Main.strings"; sourceTree = "<group>"; };
		D7346DAF296DD7A1005739DD /* pt-BR */ = {isa = PBXFileReference; lastKnownFileType = text.plist.strings; name = "pt-BR"; path = "pt-BR.lproj/LaunchScreen.strings"; sourceTree = "<group>"; };
/* End PBXFileReference section */

/* Begin PBXFrameworksBuildPhase section */
		D7346D78296DD75E005739DD /* Frameworks */ = {
			isa = PBXFrameworksBuildPhase;
			buildActionMask = 2147483647;
			files = (
			);
			runOnlyForDeploymentPostprocessing = 0;
		};
		D7346D8E296DD760005739DD /* Frameworks */ = {
			isa = PBXFrameworksBuildPhase;
			buildActionMask = 2147483647;
			files = (
			);
			runOnlyForDeploymentPostprocessing = 0;
		};
		D7346D98296DD760005739DD /* Frameworks */ = {
			isa = PBXFrameworksBuildPhase;
			buildActionMask = 2147483647;
			files = (
			);
			runOnlyForDeploymentPostprocessing = 0;
		};
/* End PBXFrameworksBuildPhase section */

/* Begin PBXGroup section */
		D7346D72296DD75E005739DD = {
			isa = PBXGroup;
			children = (
				D7346D7D296DD75E005739DD /* LittleProject */,
				D7346D94296DD760005739DD /* LittleProjectTests */,
				D7346D9E296DD760005739DD /* LittleProjectUITests */,
				D7346D7C296DD75E005739DD /* Products */,
			);
			sourceTree = "<group>";
		};
		D7346D7C296DD75E005739DD /* Products */ = {
			isa = PBXGroup;
			children = (
				D7346D7B296DD75E005739DD /* LittleProject.app */,
				D7346D91296DD760005739DD /* LittleProjectTests.xctest */,
				D7346D9B296DD760005739DD /* LittleProjectUITests.xctest */,
			);
			name = Products;
			sourceTree = "<group>";
		};
		D7346D7D296DD75E005739DD /* LittleProject */ = {
			isa = PBXGroup;
			children = (
				D7346D7E296DD75E005739DD /* AppDelegate.swift */,
				D7346D80296DD75E005739DD /* SceneDelegate.swift */,
				D7346D82296DD75E005739DD /* HomeViewController.swift */,
				D7346D84296DD75E005739DD /* Main.storyboard */,
				D7346D87296DD760005739DD /* Assets.xcassets */,
				D7346D89296DD760005739DD /* LaunchScreen.storyboard */,
				D7346D8C296DD760005739DD /* Info.plist */,
			);
			path = LittleProject;
			sourceTree = "<group>";
		};
		D7346D94296DD760005739DD /* LittleProjectTests */ = {
			isa = PBXGroup;
			children = (
				D7346D95296DD760005739DD /* LittleProjectTests.swift */,
			);
			path = LittleProjectTests;
			sourceTree = "<group>";
		};
		D7346D9E296DD760005739DD /* LittleProjectUITests */ = {
			isa = PBXGroup;
			children = (
				D7346D9F296DD760005739DD /* LittleProjectUITests.swift */,
				D7346DA1296DD761005739DD /* LittleProjectUITestsLaunchTests.swift */,
			);
			path = LittleProjectUITests;
			sourceTree = "<group>";
		};
/* End PBXGroup section */

/* Begin PBXNativeTarget section */
		D7346D7A296DD75E005739DD /* LittleProject */ = {
			isa = PBXNativeTarget;
			buildConfigurationList = D7346DA5296DD761005739DD /* Build configuration list for PBXNativeTarget "LittleProject" */;
			buildPhases = (
				D7346D77296DD75E005739DD /* Sources */,
				D7346D78296DD75E005739DD /* Frameworks */,
				D7346D79296DD75E005739DD /* Resources */,
			);
			buildRules = (
			);
			dependencies = (
			);
			name = LittleProject;
			productName = LittleProject;
			productReference = D7346D7B296DD75E005739DD /* LittleProject.app */;
			productType = "com.apple.product-type.application";
		};
		D7346D90296DD760005739DD /* LittleProjectTests */ = {
			isa = PBXNativeTarget;
			buildConfigurationList = D7346DA8296DD761005739DD /* Build configuration list for PBXNativeTarget "LittleProjectTests" */;
			buildPhases = (
				D7346D8D296DD760005739DD /* Sources */,
				D7346D8E296DD760005739DD /* Frameworks */,
				D7346D8F296DD760005739DD /* Resources */,
			);
			buildRules = (
			);
			dependencies = (
				D7346D93296DD760005739DD /* PBXTargetDependency */,
			);
			name = LittleProjectTests;
			productName = LittleProjectTests;
			productReference = D7346D91296DD760005739DD /* LittleProjectTests.xctest */;
			productType = "com.apple.product-type.bundle.unit-test";
		};
		D7346D9A296DD760005739DD /* LittleProjectUITests */ = {
			isa = PBXNativeTarget;
			buildConfigurationList = D7346DAB296DD761005739DD /* Build configuration list for PBXNativeTarget "LittleProjectUITests" */;
			buildPhases = (
				D7346D97296DD760005739DD /* Sources */,
				D7346D98296DD760005739DD /* Frameworks */,
				D7346D99296DD760005739DD /* Resources */,
			);
			buildRules = (
			);
			dependencies = (
				D7346D9D296DD760005739DD /* PBXTargetDependency */,
			);
			name = LittleProjectUITests;
			productName = LittleProjectUITests;
			productReference = D7346D9B296DD760005739DD /* LittleProjectUITests.xctest */;
			productType = "com.apple.product-type.bundle.ui-testing";
		};
/* End PBXNativeTarget section */

/* Begin PBXProject section */
		D7346D73296DD75E005739DD /* Project object */ = {
			isa = PBXProject;
			attributes = {
				BuildIndependentTargetsInParallel = 1;
				LastSwiftUpdateCheck = 1410;
				LastUpgradeCheck = 1410;
				TargetAttributes = {
					D7346D7A296DD75E005739DD = {
						CreatedOnToolsVersion = 14.1;
					};
					D7346D90296DD760005739DD = {
						CreatedOnToolsVersion = 14.1;
						TestTargetID = D7346D7A296DD75E005739DD;
					};
					D7346D9A296DD760005739DD = {
						CreatedOnToolsVersion = 14.1;
						TestTargetID = D7346D7A296DD75E005739DD;
					};
				};
			};
			buildConfigurationList = D7346D76296DD75E005739DD /* Build configuration list for PBXProject "LittleProject" */;
			compatibilityVersion = "Xcode 14.0";
			developmentRegion = en;
			hasScannedForEncodings = 0;
			knownRegions = (
				en,
				Base,
				"pt-BR",
			);
			mainGroup = D7346D72296DD75E005739DD;
			productRefGroup = D7346D7C296DD75E005739DD /* Products */;
			projectDirPath = "";
			projectRoot = "";
			targets = (
				D7346D7A296DD75E005739DD /* LittleProject */,
				D7346D90296DD760005739DD /* LittleProjectTests */,
				D7346D9A296DD760005739DD /* LittleProjectUITests */,
			);
		};
/* End PBXProject section */

/* Begin PBXResourcesBuildPhase section */
		D7346D79296DD75E005739DD /* Resources */ = {
			isa = PBXResourcesBuildPhase;
			buildActionMask = 2147483647;
			files = (
				D7346D8B296DD760005739DD /* LaunchScreen.storyboard in Resources */,
				D7346D88296DD760005739DD /* Assets.xcassets in Resources */,
				D7346D86296DD75E005739DD /* Main.storyboard in Resources */,
			);
			runOnlyForDeploymentPostprocessing = 0;
		};
		D7346D8F296DD760005739DD /* Resources */ = {
			isa = PBXResourcesBuildPhase;
			buildActionMask = 2147483647;
			files = (
			);
			runOnlyForDeploymentPostprocessing = 0;
		};
		D7346D99296DD760005739DD /* Resources */ = {
			isa = PBXResourcesBuildPhase;
			buildActionMask = 2147483647;
			files = (
			);
			runOnlyForDeploymentPostprocessing = 0;
		};
/* End PBXResourcesBuildPhase section */

/* Begin PBXSourcesBuildPhase section */
		D7346D77296DD75E005739DD /* Sources */ = {
			isa = PBXSourcesBuildPhase;
			buildActionMask = 2147483647;
			files = (
				D7346D83296DD75E005739DD /* HomeViewController.swift in Sources */,
				D7346D7F296DD75E005739DD /* AppDelegate.swift in Sources */,
				D7346D81296DD75E005739DD /* SceneDelegate.swift in Sources */,
			);
			runOnlyForDeploymentPostprocessing = 0;
		};
		D7346D8D296DD760005739DD /* Sources */ = {
			isa = PBXSourcesBuildPhase;
			buildActionMask = 2147483647;
			files = (
				D7346D96296DD760005739DD /* LittleProjectTests.swift in Sources */,
			);
			runOnlyForDeploymentPostprocessing = 0;
		};
		D7346D97296DD760005739DD /* Sources */ = {
			isa = PBXSourcesBuildPhase;
			buildActionMask = 2147483647;
			files = (
				D7346DA2296DD761005739DD /* LittleProjectUITestsLaunchTests.swift in Sources */,
				D7346DA0296DD760005739DD /* LittleProjectUITests.swift in Sources */,
			);
			runOnlyForDeploymentPostprocessing = 0;
		};
/* End PBXSourcesBuildPhase section */

/* Begin PBXTargetDependency section */
		D7346D93296DD760005739DD /* PBXTargetDependency */ = {
			isa = PBXTargetDependency;
			target = D7346D7A296DD75E005739DD /* LittleProject */;
			targetProxy = D7346D92296DD760005739DD /* PBXContainerItemProxy */;
		};
		D7346D9D296DD760005739DD /* PBXTargetDependency */ = {
			isa = PBXTargetDependency;
			target = D7346D7A296DD75E005739DD /* LittleProject */;
			targetProxy = D7346D9C296DD760005739DD /* PBXContainerItemProxy */;
		};
/* End PBXTargetDependency section */

/* Begin PBXVariantGroup section */
		D7346D84296DD75E005739DD /* Main.storyboard */ = {
			isa = PBXVariantGroup;
			children = (
				D7346D85296DD75E005739DD /* Base */,
				D7346DAE296DD7A1005739DD /* pt-BR */,
			);
			name = Main.storyboard;
			sourceTree = "<group>";
		};
		D7346D89296DD760005739DD /* LaunchScreen.storyboard */ = {
			isa = PBXVariantGroup;
			children = (
				D7346D8A296DD760005739DD /* Base */,
				D7346DAF296DD7A1005739DD /* pt-BR */,
			);
			name = LaunchScreen.storyboard;
			sourceTree = "<group>";
		};
/* End PBXVariantGroup section */

/* Begin XCBuildConfiguration section */
		D7346DA3296DD761005739DD /* Debug */ = {
			isa = XCBuildConfiguration;
			buildSettings = {
				ALWAYS_SEARCH_USER_PATHS = NO;
				CLANG_ANALYZER_LOCALIZABILITY_NONLOCALIZED = YES;
				CLANG_ANALYZER_NONNULL = YES;
				CLANG_ANALYZER_NUMBER_OBJECT_CONVERSION = YES_AGGRESSIVE;
				CLANG_CXX_LANGUAGE_STANDARD = "gnu++20";
				CLANG_ENABLE_MODULES = YES;
				CLANG_ENABLE_OBJC_ARC = YES;
				CLANG_ENABLE_OBJC_WEAK = YES;
				CLANG_WARN_BLOCK_CAPTURE_AUTORELEASING = YES;
				CLANG_WARN_BOOL_CONVERSION = YES;
				CLANG_WARN_COMMA = YES;
				CLANG_WARN_CONSTANT_CONVERSION = YES;
				CLANG_WARN_DEPRECATED_OBJC_IMPLEMENTATIONS = YES;
				CLANG_WARN_DIRECT_OBJC_ISA_USAGE = YES_ERROR;
				CLANG_WARN_DOCUMENTATION_COMMENTS = YES;
				CLANG_WARN_EMPTY_BODY = YES;
				CLANG_WARN_ENUM_CONVERSION = YES;
				CLANG_WARN_INFINITE_RECURSION = YES;
				CLANG_WARN_INT_CONVERSION = YES;
				CLANG_WARN_NON_LITERAL_NULL_CONVERSION = YES;
				CLANG_WARN_OBJC_IMPLICIT_RETAIN_SELF = YES;
				CLANG_WARN_OBJC_LITERAL_CONVERSION = YES;
				CLANG_WARN_OBJC_ROOT_CLASS = YES_ERROR;
				CLANG_WARN_QUOTED_INCLUDE_IN_FRAMEWORK_HEADER = YES;
				CLANG_WARN_RANGE_LOOP_ANALYSIS = YES;
				CLANG_WARN_STRICT_PROTOTYPES = YES;
				CLANG_WARN_SUSPICIOUS_MOVE = YES;
				CLANG_WARN_UNGUARDED_AVAILABILITY = YES_AGGRESSIVE;
				CLANG_WARN_UNREACHABLE_CODE = YES;
				CLANG_WARN__DUPLICATE_METHOD_MATCH = YES;
				COPY_PHASE_STRIP = NO;
				DEBUG_INFORMATION_FORMAT = dwarf;
				ENABLE_STRICT_OBJC_MSGSEND = YES;
				ENABLE_TESTABILITY = YES;
				GCC_C_LANGUAGE_STANDARD = gnu11;
				GCC_DYNAMIC_NO_PIC = NO;
				GCC_NO_COMMON_BLOCKS = YES;
				GCC_OPTIMIZATION_LEVEL = 0;
				GCC_PREPROCESSOR_DEFINITIONS = (
					"DEBUG=1",
					"$(inherited)",
				);
				GCC_WARN_64_TO_32_BIT_CONVERSION = YES;
				GCC_WARN_ABOUT_RETURN_TYPE = YES_ERROR;
				GCC_WARN_UNDECLARED_SELECTOR = YES;
				GCC_WARN_UNINITIALIZED_AUTOS = YES_AGGRESSIVE;
				GCC_WARN_UNUSED_FUNCTION = YES;
				GCC_WARN_UNUSED_VARIABLE = YES;
				IPHONEOS_DEPLOYMENT_TARGET = 13.0;
				MTL_ENABLE_DEBUG_INFO = INCLUDE_SOURCE;
				MTL_FAST_MATH = YES;
				ONLY_ACTIVE_ARCH = YES;
				SDKROOT = iphoneos;
				SWIFT_ACTIVE_COMPILATION_CONDITIONS = DEBUG;
				SWIFT_OPTIMIZATION_LEVEL = "-Onone";
			};
			name = Debug;
		};
		D7346DA4296DD761005739DD /* Release */ = {
			isa = XCBuildConfiguration;
			buildSettings = {
				ALWAYS_SEARCH_USER_PATHS = NO;
				CLANG_ANALYZER_LOCALIZABILITY_NONLOCALIZED = YES;
				CLANG_ANALYZER_NONNULL = YES;
				CLANG_ANALYZER_NUMBER_OBJECT_CONVERSION = YES_AGGRESSIVE;
				CLANG_CXX_LANGUAGE_STANDARD = "gnu++20";
				CLANG_ENABLE_MODULES = YES;
				CLANG_ENABLE_OBJC_ARC = YES;
				CLANG_ENABLE_OBJC_WEAK = YES;
				CLANG_WARN_BLOCK_CAPTURE_AUTORELEASING = YES;
				CLANG_WARN_BOOL_CONVERSION = YES;
				CLANG_WARN_COMMA = YES;
				CLANG_WARN_CONSTANT_CONVERSION = YES;
				CLANG_WARN_DEPRECATED_OBJC_IMPLEMENTATIONS = YES;
				CLANG_WARN_DIRECT_OBJC_ISA_USAGE = YES_ERROR;
				CLANG_WARN_DOCUMENTATION_COMMENTS = YES;
				CLANG_WARN_EMPTY_BODY = YES;
				CLANG_WARN_ENUM_CONVERSION = YES;
				CLANG_WARN_INFINITE_RECURSION = YES;
				CLANG_WARN_INT_CONVERSION = YES;
				CLANG_WARN_NON_LITERAL_NULL_CONVERSION = YES;
				CLANG_WARN_OBJC_IMPLICIT_RETAIN_SELF = YES;
				CLANG_WARN_OBJC_LITERAL_CONVERSION = YES;
				CLANG_WARN_OBJC_ROOT_CLASS = YES_ERROR;
				CLANG_WARN_QUOTED_INCLUDE_IN_FRAMEWORK_HEADER = YES;
				CLANG_WARN_RANGE_LOOP_ANALYSIS = YES;
				CLANG_WARN_STRICT_PROTOTYPES = YES;
				CLANG_WARN_SUSPICIOUS_MOVE = YES;
				CLANG_WARN_UNGUARDED_AVAILABILITY = YES_AGGRESSIVE;
				CLANG_WARN_UNREACHABLE_CODE = YES;
				CLANG_WARN__DUPLICATE_METHOD_MATCH = YES;
				COPY_PHASE_STRIP = NO;
				DEBUG_INFORMATION_FORMAT = "dwarf-with-dsym";
				ENABLE_NS_ASSERTIONS = NO;
				ENABLE_STRICT_OBJC_MSGSEND = YES;
				GCC_C_LANGUAGE_STANDARD = gnu11;
				GCC_NO_COMMON_BLOCKS = YES;
				GCC_WARN_64_TO_32_BIT_CONVERSION = YES;
				GCC_WARN_ABOUT_RETURN_TYPE = YES_ERROR;
				GCC_WARN_UNDECLARED_SELECTOR = YES;
				GCC_WARN_UNINITIALIZED_AUTOS = YES_AGGRESSIVE;
				GCC_WARN_UNUSED_FUNCTION = YES;
				GCC_WARN_UNUSED_VARIABLE = YES;
				IPHONEOS_DEPLOYMENT_TARGET = 13.0;
				MTL_ENABLE_DEBUG_INFO = NO;
				MTL_FAST_MATH = YES;
				SDKROOT = iphoneos;
				SWIFT_COMPILATION_MODE = wholemodule;
				SWIFT_OPTIMIZATION_LEVEL = "-O";
				VALIDATE_PRODUCT = YES;
			};
			name = Release;
		};
		D7346DA6296DD761005739DD /* Debug */ = {
			isa = XCBuildConfiguration;
			buildSettings = {
				ASSETCATALOG_COMPILER_APPICON_NAME = AppIcon;
				ASSETCATALOG_COMPILER_GLOBAL_ACCENT_COLOR_NAME = AccentColor;
				CODE_SIGN_STYLE = Automatic;
				CURRENT_PROJECT_VERSION = 1;
				DEVELOPMENT_TEAM = 3PUBAYQC78;
				GENERATE_INFOPLIST_FILE = YES;
				INFOPLIST_FILE = LittleProject/Info.plist;
				INFOPLIST_KEY_CFBundleDisplayName = "Little Project";
				INFOPLIST_KEY_UIApplicationSupportsIndirectInputEvents = YES;
				INFOPLIST_KEY_UILaunchStoryboardName = LaunchScreen;
				INFOPLIST_KEY_UISupportedInterfaceOrientations = UIInterfaceOrientationPortrait;
				IPHONEOS_DEPLOYMENT_TARGET = 13.0;
				LD_RUNPATH_SEARCH_PATHS = (
					"$(inherited)",
					"@executable_path/Frameworks",
				);
				MARKETING_VERSION = 1.0;
				PRODUCT_BUNDLE_IDENTIFIER = ferreirabianca.LittleProject;
				PRODUCT_NAME = "$(TARGET_NAME)";
				SUPPORTED_PLATFORMS = "iphoneos iphonesimulator";
				SUPPORTS_MACCATALYST = NO;
				SUPPORTS_MAC_DESIGNED_FOR_IPHONE_IPAD = NO;
				SWIFT_EMIT_LOC_STRINGS = YES;
				SWIFT_VERSION = 5.0;
				TARGETED_DEVICE_FAMILY = 1;
			};
			name = Debug;
		};
		D7346DA7296DD761005739DD /* Release */ = {
			isa = XCBuildConfiguration;
			buildSettings = {
				ASSETCATALOG_COMPILER_APPICON_NAME = AppIcon;
				ASSETCATALOG_COMPILER_GLOBAL_ACCENT_COLOR_NAME = AccentColor;
				CODE_SIGN_STYLE = Automatic;
				CURRENT_PROJECT_VERSION = 1;
				DEVELOPMENT_TEAM = 3PUBAYQC78;
				GENERATE_INFOPLIST_FILE = YES;
				INFOPLIST_FILE = LittleProject/Info.plist;
				INFOPLIST_KEY_CFBundleDisplayName = "Little Project";
				INFOPLIST_KEY_UIApplicationSupportsIndirectInputEvents = YES;
				INFOPLIST_KEY_UILaunchStoryboardName = LaunchScreen;
				INFOPLIST_KEY_UISupportedInterfaceOrientations = UIInterfaceOrientationPortrait;
				IPHONEOS_DEPLOYMENT_TARGET = 13.0;
				LD_RUNPATH_SEARCH_PATHS = (
					"$(inherited)",
					"@executable_path/Frameworks",
				);
				MARKETING_VERSION = 1.0;
				PRODUCT_BUNDLE_IDENTIFIER = ferreirabianca.LittleProject;
				PRODUCT_NAME = "$(TARGET_NAME)";
				SUPPORTED_PLATFORMS = "iphoneos iphonesimulator";
				SUPPORTS_MACCATALYST = NO;
				SUPPORTS_MAC_DESIGNED_FOR_IPHONE_IPAD = NO;
				SWIFT_EMIT_LOC_STRINGS = YES;
				SWIFT_VERSION = 5.0;
				TARGETED_DEVICE_FAMILY = 1;
			};
			name = Release;
		};
		D7346DA9296DD761005739DD /* Debug */ = {
			isa = XCBuildConfiguration;
			buildSettings = {
				ALWAYS_EMBED_SWIFT_STANDARD_LIBRARIES = YES;
				BUNDLE_LOADER = "$(TEST_HOST)";
				CODE_SIGN_STYLE = Automatic;
				CURRENT_PROJECT_VERSION = 1;
				DEVELOPMENT_TEAM = 3PUBAYQC78;
				GENERATE_INFOPLIST_FILE = YES;
				IPHONEOS_DEPLOYMENT_TARGET = 16.1;
				MARKETING_VERSION = 1.0;
				PRODUCT_BUNDLE_IDENTIFIER = ferreirabianca.LittleProjectTests;
				PRODUCT_NAME = "$(TARGET_NAME)";
				SWIFT_EMIT_LOC_STRINGS = NO;
				SWIFT_VERSION = 5.0;
				TARGETED_DEVICE_FAMILY = "1,2";
				TEST_HOST = "$(BUILT_PRODUCTS_DIR)/LittleProject.app/$(BUNDLE_EXECUTABLE_FOLDER_PATH)/LittleProject";
			};
			name = Debug;
		};
		D7346DAA296DD761005739DD /* Release */ = {
			isa = XCBuildConfiguration;
			buildSettings = {
				ALWAYS_EMBED_SWIFT_STANDARD_LIBRARIES = YES;
				BUNDLE_LOADER = "$(TEST_HOST)";
				CODE_SIGN_STYLE = Automatic;
				CURRENT_PROJECT_VERSION = 1;
				DEVELOPMENT_TEAM = 3PUBAYQC78;
				GENERATE_INFOPLIST_FILE = YES;
				IPHONEOS_DEPLOYMENT_TARGET = 16.1;
				MARKETING_VERSION = 1.0;
				PRODUCT_BUNDLE_IDENTIFIER = ferreirabianca.LittleProjectTests;
				PRODUCT_NAME = "$(TARGET_NAME)";
				SWIFT_EMIT_LOC_STRINGS = NO;
				SWIFT_VERSION = 5.0;
				TARGETED_DEVICE_FAMILY = "1,2";
				TEST_HOST = "$(BUILT_PRODUCTS_DIR)/LittleProject.app/$(BUNDLE_EXECUTABLE_FOLDER_PATH)/LittleProject";
			};
			name = Release;
		};
		D7346DAC296DD761005739DD /* Debug */ = {
			isa = XCBuildConfiguration;
			buildSettings = {
				ALWAYS_EMBED_SWIFT_STANDARD_LIBRARIES = YES;
				CODE_SIGN_STYLE = Automatic;
				CURRENT_PROJECT_VERSION = 1;
				DEVELOPMENT_TEAM = 3PUBAYQC78;
				GENERATE_INFOPLIST_FILE = YES;
				MARKETING_VERSION = 1.0;
				PRODUCT_BUNDLE_IDENTIFIER = ferreirabianca.LittleProjectUITests;
				PRODUCT_NAME = "$(TARGET_NAME)";
				SWIFT_EMIT_LOC_STRINGS = NO;
				SWIFT_VERSION = 5.0;
				TARGETED_DEVICE_FAMILY = "1,2";
				TEST_TARGET_NAME = LittleProject;
			};
			name = Debug;
		};
		D7346DAD296DD761005739DD /* Release */ = {
			isa = XCBuildConfiguration;
			buildSettings = {
				ALWAYS_EMBED_SWIFT_STANDARD_LIBRARIES = YES;
				CODE_SIGN_STYLE = Automatic;
				CURRENT_PROJECT_VERSION = 1;
				DEVELOPMENT_TEAM = 3PUBAYQC78;
				GENERATE_INFOPLIST_FILE = YES;
				MARKETING_VERSION = 1.0;
				PRODUCT_BUNDLE_IDENTIFIER = ferreirabianca.LittleProjectUITests;
				PRODUCT_NAME = "$(TARGET_NAME)";
				SWIFT_EMIT_LOC_STRINGS = NO;
				SWIFT_VERSION = 5.0;
				TARGETED_DEVICE_FAMILY = "1,2";
				TEST_TARGET_NAME = LittleProject;
			};
			name = Release;
		};
/* End XCBuildConfiguration section */

/* Begin XCConfigurationList section */
		D7346D76296DD75E005739DD /* Build configuration list for PBXProject "LittleProject" */ = {
			isa = XCConfigurationList;
			buildConfigurations = (
				D7346DA3296DD761005739DD /* Debug */,
				D7346DA4296DD761005739DD /* Release */,
			);
			defaultConfigurationIsVisible = 0;
			defaultConfigurationName = Release;
		};
		D7346DA5296DD761005739DD /* Build configuration list for PBXNativeTarget "LittleProject" */ = {
			isa = XCConfigurationList;
			buildConfigurations = (
				D7346DA6296DD761005739DD /* Debug */,
				D7346DA7296DD761005739DD /* Release */,
			);
			defaultConfigurationIsVisible = 0;
			defaultConfigurationName = Release;
		};
		D7346DA8296DD761005739DD /* Build configuration list for PBXNativeTarget "LittleProjectTests" */ = {
			isa = XCConfigurationList;
			buildConfigurations = (
				D7346DA9296DD761005739DD /* Debug */,
				D7346DAA296DD761005739DD /* Release */,
			);
			defaultConfigurationIsVisible = 0;
			defaultConfigurationName = Release;
		};
		D7346DAB296DD761005739DD /* Build configuration list for PBXNativeTarget "LittleProjectUITests" */ = {
			isa = XCConfigurationList;
			buildConfigurations = (
				D7346DAC296DD761005739DD /* Debug */,
				D7346DAD296DD761005739DD /* Release */,
			);
			defaultConfigurationIsVisible = 0;
			defaultConfigurationName = Release;
		};
/* End XCConfigurationList section */
	};
	rootObject = D7346D73296DD75E005739DD /* Project object */;
}
